// !$*UTF8*$!
{
	archiveVersion = 1;
	classes = {
	};
	objectVersion = 77;
	objects = {

/* Begin PBXBuildFile section */
		231214122CE284EB0003274B /* MongoSwift in Frameworks */ = {isa = PBXBuildFile; productRef = 231214112CE284EB0003274B /* MongoSwift */; };
		231214142CE284EB0003274B /* MongoSwiftSync in Frameworks */ = {isa = PBXBuildFile; productRef = 231214132CE284EB0003274B /* MongoSwiftSync */; };
/* End PBXBuildFile section */

/* Begin PBXContainerItemProxy section */
		231213E62CE278DF0003274B /* PBXContainerItemProxy */ = {
			isa = PBXContainerItemProxy;
			containerPortal = 231213CC2CE278DD0003274B /* Project object */;
			proxyType = 1;
			remoteGlobalIDString = 231213D32CE278DE0003274B;
			remoteInfo = sentinelX;
		};
		231213F02CE278DF0003274B /* PBXContainerItemProxy */ = {
			isa = PBXContainerItemProxy;
			containerPortal = 231213CC2CE278DD0003274B /* Project object */;
			proxyType = 1;
			remoteGlobalIDString = 231213D32CE278DE0003274B;
			remoteInfo = sentinelX;
		};
/* End PBXContainerItemProxy section */

/* Begin PBXFileReference section */
		231213D42CE278DE0003274B /* sentinelX.app */ = {isa = PBXFileReference; explicitFileType = wrapper.application; includeInIndex = 0; path = sentinelX.app; sourceTree = BUILT_PRODUCTS_DIR; };
		231213E52CE278DF0003274B /* sentinelXTests.xctest */ = {isa = PBXFileReference; explicitFileType = wrapper.cfbundle; includeInIndex = 0; path = sentinelXTests.xctest; sourceTree = BUILT_PRODUCTS_DIR; };
		231213EF2CE278DF0003274B /* sentinelXUITests.xctest */ = {isa = PBXFileReference; explicitFileType = wrapper.cfbundle; includeInIndex = 0; path = sentinelXUITests.xctest; sourceTree = BUILT_PRODUCTS_DIR; };
/* End PBXFileReference section */

/* Begin PBXFileSystemSynchronizedRootGroup section */
		231213D62CE278DE0003274B /* sentinelX */ = {
			isa = PBXFileSystemSynchronizedRootGroup;
			path = sentinelX;
			sourceTree = "<group>";
		};
		231213E82CE278DF0003274B /* sentinelXTests */ = {
			isa = PBXFileSystemSynchronizedRootGroup;
			path = sentinelXTests;
			sourceTree = "<group>";
		};
		231213F22CE278DF0003274B /* sentinelXUITests */ = {
			isa = PBXFileSystemSynchronizedRootGroup;
			path = sentinelXUITests;
			sourceTree = "<group>";
		};
/* End PBXFileSystemSynchronizedRootGroup section */

/* Begin PBXFrameworksBuildPhase section */
		231213D12CE278DE0003274B /* Frameworks */ = {
			isa = PBXFrameworksBuildPhase;
			buildActionMask = 2147483647;
			files = (
				231214142CE284EB0003274B /* MongoSwiftSync in Frameworks */,
				231214122CE284EB0003274B /* MongoSwift in Frameworks */,
			);
			runOnlyForDeploymentPostprocessing = 0;
		};
		231213E22CE278DF0003274B /* Frameworks */ = {
			isa = PBXFrameworksBuildPhase;
			buildActionMask = 2147483647;
			files = (
			);
			runOnlyForDeploymentPostprocessing = 0;
		};
		231213EC2CE278DF0003274B /* Frameworks */ = {
			isa = PBXFrameworksBuildPhase;
			buildActionMask = 2147483647;
			files = (
			);
			runOnlyForDeploymentPostprocessing = 0;
		};
/* End PBXFrameworksBuildPhase section */

/* Begin PBXGroup section */
		231213CB2CE278DD0003274B = {
			isa = PBXGroup;
			children = (
				231213D62CE278DE0003274B /* sentinelX */,
				231213E82CE278DF0003274B /* sentinelXTests */,
				231213F22CE278DF0003274B /* sentinelXUITests */,
				231213D52CE278DE0003274B /* Products */,
			);
			sourceTree = "<group>";
		};
		231213D52CE278DE0003274B /* Products */ = {
			isa = PBXGroup;
			children = (
				231213D42CE278DE0003274B /* sentinelX.app */,
				231213E52CE278DF0003274B /* sentinelXTests.xctest */,
				231213EF2CE278DF0003274B /* sentinelXUITests.xctest */,
			);
			name = Products;
			sourceTree = "<group>";
		};
/* End PBXGroup section */

/* Begin PBXNativeTarget section */
		231213D32CE278DE0003274B /* sentinelX */ = {
			isa = PBXNativeTarget;
			buildConfigurationList = 231213F92CE278DF0003274B /* Build configuration list for PBXNativeTarget "sentinelX" */;
			buildPhases = (
				231213D02CE278DE0003274B /* Sources */,
				231213D12CE278DE0003274B /* Frameworks */,
				231213D22CE278DE0003274B /* Resources */,
			);
			buildRules = (
			);
			dependencies = (
			);
			fileSystemSynchronizedGroups = (
				231213D62CE278DE0003274B /* sentinelX */,
			);
			name = sentinelX;
			packageProductDependencies = (
				231214112CE284EB0003274B /* MongoSwift */,
				231214132CE284EB0003274B /* MongoSwiftSync */,
			);
			productName = sentinelX;
			productReference = 231213D42CE278DE0003274B /* sentinelX.app */;
			productType = "com.apple.product-type.application";
		};
		231213E42CE278DF0003274B /* sentinelXTests */ = {
			isa = PBXNativeTarget;
			buildConfigurationList = 231213FC2CE278DF0003274B /* Build configuration list for PBXNativeTarget "sentinelXTests" */;
			buildPhases = (
				231213E12CE278DF0003274B /* Sources */,
				231213E22CE278DF0003274B /* Frameworks */,
				231213E32CE278DF0003274B /* Resources */,
			);
			buildRules = (
			);
			dependencies = (
				231213E72CE278DF0003274B /* PBXTargetDependency */,
			);
			fileSystemSynchronizedGroups = (
				231213E82CE278DF0003274B /* sentinelXTests */,
			);
			name = sentinelXTests;
			packageProductDependencies = (
			);
			productName = sentinelXTests;
			productReference = 231213E52CE278DF0003274B /* sentinelXTests.xctest */;
			productType = "com.apple.product-type.bundle.unit-test";
		};
		231213EE2CE278DF0003274B /* sentinelXUITests */ = {
			isa = PBXNativeTarget;
			buildConfigurationList = 231213FF2CE278DF0003274B /* Build configuration list for PBXNativeTarget "sentinelXUITests" */;
			buildPhases = (
				231213EB2CE278DF0003274B /* Sources */,
				231213EC2CE278DF0003274B /* Frameworks */,
				231213ED2CE278DF0003274B /* Resources */,
			);
			buildRules = (
			);
			dependencies = (
				231213F12CE278DF0003274B /* PBXTargetDependency */,
			);
			fileSystemSynchronizedGroups = (
				231213F22CE278DF0003274B /* sentinelXUITests */,
			);
			name = sentinelXUITests;
			packageProductDependencies = (
			);
			productName = sentinelXUITests;
			productReference = 231213EF2CE278DF0003274B /* sentinelXUITests.xctest */;
			productType = "com.apple.product-type.bundle.ui-testing";
		};
/* End PBXNativeTarget section */

/* Begin PBXProject section */
		231213CC2CE278DD0003274B /* Project object */ = {
			isa = PBXProject;
			attributes = {
				BuildIndependentTargetsInParallel = 1;
				LastSwiftUpdateCheck = 1610;
				LastUpgradeCheck = 1610;
				TargetAttributes = {
					231213D32CE278DE0003274B = {
						CreatedOnToolsVersion = 16.1;
					};
					231213E42CE278DF0003274B = {
						CreatedOnToolsVersion = 16.1;
						TestTargetID = 231213D32CE278DE0003274B;
					};
					231213EE2CE278DF0003274B = {
						CreatedOnToolsVersion = 16.1;
						TestTargetID = 231213D32CE278DE0003274B;
					};
				};
			};
			buildConfigurationList = 231213CF2CE278DD0003274B /* Build configuration list for PBXProject "sentinelX" */;
			developmentRegion = en;
			hasScannedForEncodings = 0;
			knownRegions = (
				en,
				Base,
			);
			mainGroup = 231213CB2CE278DD0003274B;
			minimizedProjectReferenceProxies = 1;
			packageReferences = (
				231214102CE284EB0003274B /* XCRemoteSwiftPackageReference "mongo-swift-driver" */,
			);
			preferredProjectObjectVersion = 77;
			productRefGroup = 231213D52CE278DE0003274B /* Products */;
			projectDirPath = "";
			projectRoot = "";
			targets = (
				231213D32CE278DE0003274B /* sentinelX */,
				231213E42CE278DF0003274B /* sentinelXTests */,
				231213EE2CE278DF0003274B /* sentinelXUITests */,
			);
		};
/* End PBXProject section */

/* Begin PBXResourcesBuildPhase section */
		231213D22CE278DE0003274B /* Resources */ = {
			isa = PBXResourcesBuildPhase;
			buildActionMask = 2147483647;
			files = (
			);
			runOnlyForDeploymentPostprocessing = 0;
		};
		231213E32CE278DF0003274B /* Resources */ = {
			isa = PBXResourcesBuildPhase;
			buildActionMask = 2147483647;
			files = (
			);
			runOnlyForDeploymentPostprocessing = 0;
		};
		231213ED2CE278DF0003274B /* Resources */ = {
			isa = PBXResourcesBuildPhase;
			buildActionMask = 2147483647;
			files = (
			);
			runOnlyForDeploymentPostprocessing = 0;
		};
/* End PBXResourcesBuildPhase section */

/* Begin PBXSourcesBuildPhase section */
		231213D02CE278DE0003274B /* Sources */ = {
			isa = PBXSourcesBuildPhase;
			buildActionMask = 2147483647;
			files = (
			);
			runOnlyForDeploymentPostprocessing = 0;
		};
		231213E12CE278DF0003274B /* Sources */ = {
			isa = PBXSourcesBuildPhase;
			buildActionMask = 2147483647;
			files = (
			);
			runOnlyForDeploymentPostprocessing = 0;
		};
		231213EB2CE278DF0003274B /* Sources */ = {
			isa = PBXSourcesBuildPhase;
			buildActionMask = 2147483647;
			files = (
			);
			runOnlyForDeploymentPostprocessing = 0;
		};
/* End PBXSourcesBuildPhase section */

/* Begin PBXTargetDependency section */
		231213E72CE278DF0003274B /* PBXTargetDependency */ = {
			isa = PBXTargetDependency;
			target = 231213D32CE278DE0003274B /* sentinelX */;
			targetProxy = 231213E62CE278DF0003274B /* PBXContainerItemProxy */;
		};
		231213F12CE278DF0003274B /* PBXTargetDependency */ = {
			isa = PBXTargetDependency;
			target = 231213D32CE278DE0003274B /* sentinelX */;
			targetProxy = 231213F02CE278DF0003274B /* PBXContainerItemProxy */;
		};
/* End PBXTargetDependency section */

/* Begin XCBuildConfiguration section */
		231213F72CE278DF0003274B /* Debug */ = {
			isa = XCBuildConfiguration;
			buildSettings = {
				ALWAYS_SEARCH_USER_PATHS = NO;
				ASSETCATALOG_COMPILER_GENERATE_SWIFT_ASSET_SYMBOL_EXTENSIONS = YES;
				CLANG_ANALYZER_NONNULL = YES;
				CLANG_ANALYZER_NUMBER_OBJECT_CONVERSION = YES_AGGRESSIVE;
				CLANG_CXX_LANGUAGE_STANDARD = "gnu++20";
				CLANG_ENABLE_MODULES = YES;
				CLANG_ENABLE_OBJC_ARC = YES;
				CLANG_ENABLE_OBJC_WEAK = YES;
				CLANG_WARN_BLOCK_CAPTURE_AUTORELEASING = YES;
				CLANG_WARN_BOOL_CONVERSION = YES;
				CLANG_WARN_COMMA = YES;
				CLANG_WARN_CONSTANT_CONVERSION = YES;
				CLANG_WARN_DEPRECATED_OBJC_IMPLEMENTATIONS = YES;
				CLANG_WARN_DIRECT_OBJC_ISA_USAGE = YES_ERROR;
				CLANG_WARN_DOCUMENTATION_COMMENTS = YES;
				CLANG_WARN_EMPTY_BODY = YES;
				CLANG_WARN_ENUM_CONVERSION = YES;
				CLANG_WARN_INFINITE_RECURSION = YES;
				CLANG_WARN_INT_CONVERSION = YES;
				CLANG_WARN_NON_LITERAL_NULL_CONVERSION = YES;
				CLANG_WARN_OBJC_IMPLICIT_RETAIN_SELF = YES;
				CLANG_WARN_OBJC_LITERAL_CONVERSION = YES;
				CLANG_WARN_OBJC_ROOT_CLASS = YES_ERROR;
				CLANG_WARN_QUOTED_INCLUDE_IN_FRAMEWORK_HEADER = YES;
				CLANG_WARN_RANGE_LOOP_ANALYSIS = YES;
				CLANG_WARN_STRICT_PROTOTYPES = YES;
				CLANG_WARN_SUSPICIOUS_MOVE = YES;
				CLANG_WARN_UNGUARDED_AVAILABILITY = YES_AGGRESSIVE;
				CLANG_WARN_UNREACHABLE_CODE = YES;
				CLANG_WARN__DUPLICATE_METHOD_MATCH = YES;
				COPY_PHASE_STRIP = NO;
				DEBUG_INFORMATION_FORMAT = dwarf;
				ENABLE_STRICT_OBJC_MSGSEND = YES;
				ENABLE_TESTABILITY = YES;
				ENABLE_USER_SCRIPT_SANDBOXING = YES;
				GCC_C_LANGUAGE_STANDARD = gnu17;
				GCC_DYNAMIC_NO_PIC = NO;
				GCC_NO_COMMON_BLOCKS = YES;
				GCC_OPTIMIZATION_LEVEL = 0;
				GCC_PREPROCESSOR_DEFINITIONS = (
					"DEBUG=1",
					"$(inherited)",
				);
				GCC_WARN_64_TO_32_BIT_CONVERSION = YES;
				GCC_WARN_ABOUT_RETURN_TYPE = YES_ERROR;
				GCC_WARN_UNDECLARED_SELECTOR = YES;
				GCC_WARN_UNINITIALIZED_AUTOS = YES_AGGRESSIVE;
				GCC_WARN_UNUSED_FUNCTION = YES;
				GCC_WARN_UNUSED_VARIABLE = YES;
				LOCALIZATION_PREFERS_STRING_CATALOGS = YES;
				MTL_ENABLE_DEBUG_INFO = INCLUDE_SOURCE;
				MTL_FAST_MATH = YES;
				ONLY_ACTIVE_ARCH = YES;
				SWIFT_ACTIVE_COMPILATION_CONDITIONS = "DEBUG $(inherited)";
				SWIFT_OPTIMIZATION_LEVEL = "-Onone";
			};
			name = Debug;
		};
		231213F82CE278DF0003274B /* Release */ = {
			isa = XCBuildConfiguration;
			buildSettings = {
				ALWAYS_SEARCH_USER_PATHS = NO;
				ASSETCATALOG_COMPILER_GENERATE_SWIFT_ASSET_SYMBOL_EXTENSIONS = YES;
				CLANG_ANALYZER_NONNULL = YES;
				CLANG_ANALYZER_NUMBER_OBJECT_CONVERSION = YES_AGGRESSIVE;
				CLANG_CXX_LANGUAGE_STANDARD = "gnu++20";
				CLANG_ENABLE_MODULES = YES;
				CLANG_ENABLE_OBJC_ARC = YES;
				CLANG_ENABLE_OBJC_WEAK = YES;
				CLANG_WARN_BLOCK_CAPTURE_AUTORELEASING = YES;
				CLANG_WARN_BOOL_CONVERSION = YES;
				CLANG_WARN_COMMA = YES;
				CLANG_WARN_CONSTANT_CONVERSION = YES;
				CLANG_WARN_DEPRECATED_OBJC_IMPLEMENTATIONS = YES;
				CLANG_WARN_DIRECT_OBJC_ISA_USAGE = YES_ERROR;
				CLANG_WARN_DOCUMENTATION_COMMENTS = YES;
				CLANG_WARN_EMPTY_BODY = YES;
				CLANG_WARN_ENUM_CONVERSION = YES;
				CLANG_WARN_INFINITE_RECURSION = YES;
				CLANG_WARN_INT_CONVERSION = YES;
				CLANG_WARN_NON_LITERAL_NULL_CONVERSION = YES;
				CLANG_WARN_OBJC_IMPLICIT_RETAIN_SELF = YES;
				CLANG_WARN_OBJC_LITERAL_CONVERSION = YES;
				CLANG_WARN_OBJC_ROOT_CLASS = YES_ERROR;
				CLANG_WARN_QUOTED_INCLUDE_IN_FRAMEWORK_HEADER = YES;
				CLANG_WARN_RANGE_LOOP_ANALYSIS = YES;
				CLANG_WARN_STRICT_PROTOTYPES = YES;
				CLANG_WARN_SUSPICIOUS_MOVE = YES;
				CLANG_WARN_UNGUARDED_AVAILABILITY = YES_AGGRESSIVE;
				CLANG_WARN_UNREACHABLE_CODE = YES;
				CLANG_WARN__DUPLICATE_METHOD_MATCH = YES;
				COPY_PHASE_STRIP = NO;
				DEBUG_INFORMATION_FORMAT = "dwarf-with-dsym";
				ENABLE_NS_ASSERTIONS = NO;
				ENABLE_STRICT_OBJC_MSGSEND = YES;
				ENABLE_USER_SCRIPT_SANDBOXING = YES;
				GCC_C_LANGUAGE_STANDARD = gnu17;
				GCC_NO_COMMON_BLOCKS = YES;
				GCC_WARN_64_TO_32_BIT_CONVERSION = YES;
				GCC_WARN_ABOUT_RETURN_TYPE = YES_ERROR;
				GCC_WARN_UNDECLARED_SELECTOR = YES;
				GCC_WARN_UNINITIALIZED_AUTOS = YES_AGGRESSIVE;
				GCC_WARN_UNUSED_FUNCTION = YES;
				GCC_WARN_UNUSED_VARIABLE = YES;
				LOCALIZATION_PREFERS_STRING_CATALOGS = YES;
				MTL_ENABLE_DEBUG_INFO = NO;
				MTL_FAST_MATH = YES;
				SWIFT_COMPILATION_MODE = wholemodule;
			};
			name = Release;
		};
		231213FA2CE278DF0003274B /* Debug */ = {
			isa = XCBuildConfiguration;
			buildSettings = {
				ASSETCATALOG_COMPILER_APPICON_NAME = AppIcon;
				ASSETCATALOG_COMPILER_GLOBAL_ACCENT_COLOR_NAME = AccentColor;
				CODE_SIGN_ENTITLEMENTS = sentinelX/sentinelX.entitlements;
				CODE_SIGN_STYLE = Automatic;
				CURRENT_PROJECT_VERSION = 1;
				DEVELOPMENT_ASSET_PATHS = "\"sentinelX/Preview Content\"";
				ENABLE_PREVIEWS = YES;
				GENERATE_INFOPLIST_FILE = YES;
				"INFOPLIST_KEY_UIApplicationSceneManifest_Generation[sdk=iphoneos*]" = YES;
				"INFOPLIST_KEY_UIApplicationSceneManifest_Generation[sdk=iphonesimulator*]" = YES;
				"INFOPLIST_KEY_UIApplicationSupportsIndirectInputEvents[sdk=iphoneos*]" = YES;
				"INFOPLIST_KEY_UIApplicationSupportsIndirectInputEvents[sdk=iphonesimulator*]" = YES;
				"INFOPLIST_KEY_UILaunchScreen_Generation[sdk=iphoneos*]" = YES;
				"INFOPLIST_KEY_UILaunchScreen_Generation[sdk=iphonesimulator*]" = YES;
				"INFOPLIST_KEY_UIStatusBarStyle[sdk=iphoneos*]" = UIStatusBarStyleDefault;
				"INFOPLIST_KEY_UIStatusBarStyle[sdk=iphonesimulator*]" = UIStatusBarStyleDefault;
				INFOPLIST_KEY_UISupportedInterfaceOrientations_iPad = "UIInterfaceOrientationPortrait UIInterfaceOrientationPortraitUpsideDown UIInterfaceOrientationLandscapeLeft UIInterfaceOrientationLandscapeRight";
				INFOPLIST_KEY_UISupportedInterfaceOrientations_iPhone = "UIInterfaceOrientationPortrait UIInterfaceOrientationLandscapeLeft UIInterfaceOrientationLandscapeRight";
				IPHONEOS_DEPLOYMENT_TARGET = 18.1;
				LD_RUNPATH_SEARCH_PATHS = "@executable_path/Frameworks";
				"LD_RUNPATH_SEARCH_PATHS[sdk=macosx*]" = "@executable_path/../Frameworks";
				MACOSX_DEPLOYMENT_TARGET = 15.1;
				MARKETING_VERSION = 1.0;
				PRODUCT_BUNDLE_IDENTIFIER = sentinelX.sentinelX;
				PRODUCT_NAME = "$(TARGET_NAME)";
				SDKROOT = auto;
				SUPPORTED_PLATFORMS = "iphoneos iphonesimulator macosx xros xrsimulator";
				SWIFT_EMIT_LOC_STRINGS = YES;
				SWIFT_VERSION = 5.0;
				TARGETED_DEVICE_FAMILY = "1,2,7";
				XROS_DEPLOYMENT_TARGET = 2.1;
			};
			name = Debug;
		};
		231213FB2CE278DF0003274B /* Release */ = {
			isa = XCBuildConfiguration;
			buildSettings = {
				ASSETCATALOG_COMPILER_APPICON_NAME = AppIcon;
				ASSETCATALOG_COMPILER_GLOBAL_ACCENT_COLOR_NAME = AccentColor;
				CODE_SIGN_ENTITLEMENTS = sentinelX/sentinelX.entitlements;
				CODE_SIGN_STYLE = Automatic;
				CURRENT_PROJECT_VERSION = 1;
				DEVELOPMENT_ASSET_PATHS = "\"sentinelX/Preview Content\"";
				ENABLE_PREVIEWS = YES;
				GENERATE_INFOPLIST_FILE = YES;
				"INFOPLIST_KEY_UIApplicationSceneManifest_Generation[sdk=iphoneos*]" = YES;
				"INFOPLIST_KEY_UIApplicationSceneManifest_Generation[sdk=iphonesimulator*]" = YES;
				"INFOPLIST_KEY_UIApplicationSupportsIndirectInputEvents[sdk=iphoneos*]" = YES;
				"INFOPLIST_KEY_UIApplicationSupportsIndirectInputEvents[sdk=iphonesimulator*]" = YES;
				"INFOPLIST_KEY_UILaunchScreen_Generation[sdk=iphoneos*]" = YES;
				"INFOPLIST_KEY_UILaunchScreen_Generation[sdk=iphonesimulator*]" = YES;
				"INFOPLIST_KEY_UIStatusBarStyle[sdk=iphoneos*]" = UIStatusBarStyleDefault;
				"INFOPLIST_KEY_UIStatusBarStyle[sdk=iphonesimulator*]" = UIStatusBarStyleDefault;
				INFOPLIST_KEY_UISupportedInterfaceOrientations_iPad = "UIInterfaceOrientationPortrait UIInterfaceOrientationPortraitUpsideDown UIInterfaceOrientationLandscapeLeft UIInterfaceOrientationLandscapeRight";
				INFOPLIST_KEY_UISupportedInterfaceOrientations_iPhone = "UIInterfaceOrientationPortrait UIInterfaceOrientationLandscapeLeft UIInterfaceOrientationLandscapeRight";
				IPHONEOS_DEPLOYMENT_TARGET = 18.1;
				LD_RUNPATH_SEARCH_PATHS = "@executable_path/Frameworks";
				"LD_RUNPATH_SEARCH_PATHS[sdk=macosx*]" = "@executable_path/../Frameworks";
				MACOSX_DEPLOYMENT_TARGET = 15.1;
				MARKETING_VERSION = 1.0;
				PRODUCT_BUNDLE_IDENTIFIER = sentinelX.sentinelX;
				PRODUCT_NAME = "$(TARGET_NAME)";
				SDKROOT = auto;
				SUPPORTED_PLATFORMS = "iphoneos iphonesimulator macosx xros xrsimulator";
				SWIFT_EMIT_LOC_STRINGS = YES;
				SWIFT_VERSION = 5.0;
				TARGETED_DEVICE_FAMILY = "1,2,7";
				XROS_DEPLOYMENT_TARGET = 2.1;
			};
			name = Release;
		};
		231213FD2CE278DF0003274B /* Debug */ = {
			isa = XCBuildConfiguration;
			buildSettings = {
				BUNDLE_LOADER = "$(TEST_HOST)";
				CODE_SIGN_STYLE = Automatic;
				CURRENT_PROJECT_VERSION = 1;
				GENERATE_INFOPLIST_FILE = YES;
				IPHONEOS_DEPLOYMENT_TARGET = 18.1;
				MACOSX_DEPLOYMENT_TARGET = 15.1;
				MARKETING_VERSION = 1.0;
				PRODUCT_BUNDLE_IDENTIFIER = sentinelX.sentinelXTests;
				PRODUCT_NAME = "$(TARGET_NAME)";
				SDKROOT = auto;
				SUPPORTED_PLATFORMS = "iphoneos iphonesimulator macosx xros xrsimulator";
				SWIFT_EMIT_LOC_STRINGS = NO;
				SWIFT_VERSION = 5.0;
				TARGETED_DEVICE_FAMILY = "1,2,7";
				TEST_HOST = "$(BUILT_PRODUCTS_DIR)/sentinelX.app/$(BUNDLE_EXECUTABLE_FOLDER_PATH)/sentinelX";
				XROS_DEPLOYMENT_TARGET = 2.1;
			};
			name = Debug;
		};
		231213FE2CE278DF0003274B /* Release */ = {
			isa = XCBuildConfiguration;
			buildSettings = {
				BUNDLE_LOADER = "$(TEST_HOST)";
				CODE_SIGN_STYLE = Automatic;
				CURRENT_PROJECT_VERSION = 1;
				GENERATE_INFOPLIST_FILE = YES;
				IPHONEOS_DEPLOYMENT_TARGET = 18.1;
				MACOSX_DEPLOYMENT_TARGET = 15.1;
				MARKETING_VERSION = 1.0;
				PRODUCT_BUNDLE_IDENTIFIER = sentinelX.sentinelXTests;
				PRODUCT_NAME = "$(TARGET_NAME)";
				SDKROOT = auto;
				SUPPORTED_PLATFORMS = "iphoneos iphonesimulator macosx xros xrsimulator";
				SWIFT_EMIT_LOC_STRINGS = NO;
				SWIFT_VERSION = 5.0;
				TARGETED_DEVICE_FAMILY = "1,2,7";
				TEST_HOST = "$(BUILT_PRODUCTS_DIR)/sentinelX.app/$(BUNDLE_EXECUTABLE_FOLDER_PATH)/sentinelX";
				XROS_DEPLOYMENT_TARGET = 2.1;
			};
			name = Release;
		};
		231214002CE278DF0003274B /* Debug */ = {
			isa = XCBuildConfiguration;
			buildSettings = {
				CODE_SIGN_STYLE = Automatic;
				CURRENT_PROJECT_VERSION = 1;
				GENERATE_INFOPLIST_FILE = YES;
				IPHONEOS_DEPLOYMENT_TARGET = 18.1;
				MACOSX_DEPLOYMENT_TARGET = 15.1;
				MARKETING_VERSION = 1.0;
				PRODUCT_BUNDLE_IDENTIFIER = sentinelX.sentinelXUITests;
				PRODUCT_NAME = "$(TARGET_NAME)";
				SDKROOT = auto;
				SUPPORTED_PLATFORMS = "iphoneos iphonesimulator macosx xros xrsimulator";
				SWIFT_EMIT_LOC_STRINGS = NO;
				SWIFT_VERSION = 5.0;
				TARGETED_DEVICE_FAMILY = "1,2,7";
				TEST_TARGET_NAME = sentinelX;
				XROS_DEPLOYMENT_TARGET = 2.1;
			};
			name = Debug;
		};
		231214012CE278DF0003274B /* Release */ = {
			isa = XCBuildConfiguration;
			buildSettings = {
				CODE_SIGN_STYLE = Automatic;
				CURRENT_PROJECT_VERSION = 1;
				GENERATE_INFOPLIST_FILE = YES;
				IPHONEOS_DEPLOYMENT_TARGET = 18.1;
				MACOSX_DEPLOYMENT_TARGET = 15.1;
				MARKETING_VERSION = 1.0;
				PRODUCT_BUNDLE_IDENTIFIER = sentinelX.sentinelXUITests;
				PRODUCT_NAME = "$(TARGET_NAME)";
				SDKROOT = auto;
				SUPPORTED_PLATFORMS = "iphoneos iphonesimulator macosx xros xrsimulator";
				SWIFT_EMIT_LOC_STRINGS = NO;
				SWIFT_VERSION = 5.0;
				TARGETED_DEVICE_FAMILY = "1,2,7";
				TEST_TARGET_NAME = sentinelX;
				XROS_DEPLOYMENT_TARGET = 2.1;
			};
			name = Release;
		};
/* End XCBuildConfiguration section */

/* Begin XCConfigurationList section */
		231213CF2CE278DD0003274B /* Build configuration list for PBXProject "sentinelX" */ = {
			isa = XCConfigurationList;
			buildConfigurations = (
				231213F72CE278DF0003274B /* Debug */,
				231213F82CE278DF0003274B /* Release */,
			);
			defaultConfigurationIsVisible = 0;
			defaultConfigurationName = Release;
		};
		231213F92CE278DF0003274B /* Build configuration list for PBXNativeTarget "sentinelX" */ = {
			isa = XCConfigurationList;
			buildConfigurations = (
				231213FA2CE278DF0003274B /* Debug */,
				231213FB2CE278DF0003274B /* Release */,
			);
			defaultConfigurationIsVisible = 0;
			defaultConfigurationName = Release;
		};
		231213FC2CE278DF0003274B /* Build configuration list for PBXNativeTarget "sentinelXTests" */ = {
			isa = XCConfigurationList;
			buildConfigurations = (
				231213FD2CE278DF0003274B /* Debug */,
				231213FE2CE278DF0003274B /* Release */,
			);
			defaultConfigurationIsVisible = 0;
			defaultConfigurationName = Release;
		};
		231213FF2CE278DF0003274B /* Build configuration list for PBXNativeTarget "sentinelXUITests" */ = {
			isa = XCConfigurationList;
			buildConfigurations = (
				231214002CE278DF0003274B /* Debug */,
				231214012CE278DF0003274B /* Release */,
			);
			defaultConfigurationIsVisible = 0;
			defaultConfigurationName = Release;
		};
/* End XCConfigurationList section */

/* Begin XCRemoteSwiftPackageReference section */
		231214102CE284EB0003274B /* XCRemoteSwiftPackageReference "mongo-swift-driver" */ = {
			isa = XCRemoteSwiftPackageReference;
			repositoryURL = "https://github.com/mongodb/mongo-swift-driver";
			requirement = {
				branch = main;
				kind = branch;
			};
		};
/* End XCRemoteSwiftPackageReference section */

/* Begin XCSwiftPackageProductDependency section */
		231214112CE284EB0003274B /* MongoSwift */ = {
			isa = XCSwiftPackageProductDependency;
			package = 231214102CE284EB0003274B /* XCRemoteSwiftPackageReference "mongo-swift-driver" */;
			productName = MongoSwift;
		};
		231214132CE284EB0003274B /* MongoSwiftSync */ = {
			isa = XCSwiftPackageProductDependency;
			package = 231214102CE284EB0003274B /* XCRemoteSwiftPackageReference "mongo-swift-driver" */;
			productName = MongoSwiftSync;
		};
/* End XCSwiftPackageProductDependency section */
	};
	rootObject = 231213CC2CE278DD0003274B /* Project object */;
}
